// !$*UTF8*$!
{
	archiveVersion = 1;
	classes = {
	};
	objectVersion = 46;
	objects = {

/* Begin PBXBuildFile section */
		44B26DF717F5624800743B1B /* Foundation.framework in Frameworks */ = {isa = PBXBuildFile; fileRef = 44B26DF617F5624800743B1B /* Foundation.framework */; };
		44B26DF917F5624800743B1B /* CoreGraphics.framework in Frameworks */ = {isa = PBXBuildFile; fileRef = 44B26DF817F5624800743B1B /* CoreGraphics.framework */; };
		44B26DFB17F5624800743B1B /* UIKit.framework in Frameworks */ = {isa = PBXBuildFile; fileRef = 44B26DFA17F5624800743B1B /* UIKit.framework */; };
		44B26E0117F5624800743B1B /* InfoPlist.strings in Resources */ = {isa = PBXBuildFile; fileRef = 44B26DFF17F5624800743B1B /* InfoPlist.strings */; };
		44B26E0317F5624800743B1B /* main.m in Sources */ = {isa = PBXBuildFile; fileRef = 44B26E0217F5624800743B1B /* main.m */; };
		44B26E0717F5624800743B1B /* AppDelegate.m in Sources */ = {isa = PBXBuildFile; fileRef = 44B26E0617F5624800743B1B /* AppDelegate.m */; };
		44B26E0A17F5624800743B1B /* Main.storyboard in Resources */ = {isa = PBXBuildFile; fileRef = 44B26E0817F5624800743B1B /* Main.storyboard */; };
		44B26E0D17F5624800743B1B /* ViewController.m in Sources */ = {isa = PBXBuildFile; fileRef = 44B26E0C17F5624800743B1B /* ViewController.m */; };
		44B26E0F17F5624800743B1B /* Images.xcassets in Resources */ = {isa = PBXBuildFile; fileRef = 44B26E0E17F5624800743B1B /* Images.xcassets */; };
		44B26E1617F5624800743B1B /* XCTest.framework in Frameworks */ = {isa = PBXBuildFile; fileRef = 44B26E1517F5624800743B1B /* XCTest.framework */; };
		44B26E1717F5624800743B1B /* Foundation.framework in Frameworks */ = {isa = PBXBuildFile; fileRef = 44B26DF617F5624800743B1B /* Foundation.framework */; };
		44B26E1817F5624800743B1B /* UIKit.framework in Frameworks */ = {isa = PBXBuildFile; fileRef = 44B26DFA17F5624800743B1B /* UIKit.framework */; };
		44B26E2017F5624800743B1B /* InfoPlist.strings in Resources */ = {isa = PBXBuildFile; fileRef = 44B26E1E17F5624800743B1B /* InfoPlist.strings */; };
		44B26E2217F5624800743B1B /* CS408WarmupAppTests.m in Sources */ = {isa = PBXBuildFile; fileRef = 44B26E2117F5624800743B1B /* CS408WarmupAppTests.m */; };
		44D135D117FA83290062799C /* libsqlite3.dylib in Frameworks */ = {isa = PBXBuildFile; fileRef = 44D135D017FA83290062799C /* libsqlite3.dylib */; };
		44D135D417FA84070062799C /* PlaceInfo.m in Sources */ = {isa = PBXBuildFile; fileRef = 44D135D317FA84070062799C /* PlaceInfo.m */; };
		44D135D717FA858B0062799C /* PlacesDatabase.m in Sources */ = {isa = PBXBuildFile; fileRef = 44D135D617FA858B0062799C /* PlacesDatabase.m */; };
		44D135D917FA92570062799C /* places.sqlite3 in Resources */ = {isa = PBXBuildFile; fileRef = 44D135D817FA92570062799C /* places.sqlite3 */; };
/* End PBXBuildFile section */

/* Begin PBXContainerItemProxy section */
		44B26E1917F5624800743B1B /* PBXContainerItemProxy */ = {
			isa = PBXContainerItemProxy;
			containerPortal = 44B26DEB17F5624800743B1B /* Project object */;
			proxyType = 1;
			remoteGlobalIDString = 44B26DF217F5624800743B1B;
			remoteInfo = CS408WarmupApp;
		};
/* End PBXContainerItemProxy section */

/* Begin PBXFileReference section */
		44B26DF317F5624800743B1B /* CS408WarmupApp.app */ = {isa = PBXFileReference; explicitFileType = wrapper.application; includeInIndex = 0; path = CS408WarmupApp.app; sourceTree = BUILT_PRODUCTS_DIR; };
		44B26DF617F5624800743B1B /* Foundation.framework */ = {isa = PBXFileReference; lastKnownFileType = wrapper.framework; name = Foundation.framework; path = System/Library/Frameworks/Foundation.framework; sourceTree = SDKROOT; };
		44B26DF817F5624800743B1B /* CoreGraphics.framework */ = {isa = PBXFileReference; lastKnownFileType = wrapper.framework; name = CoreGraphics.framework; path = System/Library/Frameworks/CoreGraphics.framework; sourceTree = SDKROOT; };
		44B26DFA17F5624800743B1B /* UIKit.framework */ = {isa = PBXFileReference; lastKnownFileType = wrapper.framework; name = UIKit.framework; path = System/Library/Frameworks/UIKit.framework; sourceTree = SDKROOT; };
		44B26DFE17F5624800743B1B /* CS408WarmupApp-Info.plist */ = {isa = PBXFileReference; lastKnownFileType = text.plist.xml; path = "CS408WarmupApp-Info.plist"; sourceTree = "<group>"; };
		44B26E0017F5624800743B1B /* en */ = {isa = PBXFileReference; lastKnownFileType = text.plist.strings; name = en; path = en.lproj/InfoPlist.strings; sourceTree = "<group>"; };
		44B26E0217F5624800743B1B /* main.m */ = {isa = PBXFileReference; lastKnownFileType = sourcecode.c.objc; path = main.m; sourceTree = "<group>"; };
		44B26E0417F5624800743B1B /* CS408WarmupApp-Prefix.pch */ = {isa = PBXFileReference; lastKnownFileType = sourcecode.c.h; path = "CS408WarmupApp-Prefix.pch"; sourceTree = "<group>"; };
		44B26E0517F5624800743B1B /* AppDelegate.h */ = {isa = PBXFileReference; lastKnownFileType = sourcecode.c.h; path = AppDelegate.h; sourceTree = "<group>"; };
		44B26E0617F5624800743B1B /* AppDelegate.m */ = {isa = PBXFileReference; lastKnownFileType = sourcecode.c.objc; path = AppDelegate.m; sourceTree = "<group>"; };
		44B26E0917F5624800743B1B /* Base */ = {isa = PBXFileReference; lastKnownFileType = file.storyboard; name = Base; path = Base.lproj/Main.storyboard; sourceTree = "<group>"; };
		44B26E0B17F5624800743B1B /* ViewController.h */ = {isa = PBXFileReference; lastKnownFileType = sourcecode.c.h; path = ViewController.h; sourceTree = "<group>"; };
		44B26E0C17F5624800743B1B /* ViewController.m */ = {isa = PBXFileReference; lastKnownFileType = sourcecode.c.objc; path = ViewController.m; sourceTree = "<group>"; };
		44B26E0E17F5624800743B1B /* Images.xcassets */ = {isa = PBXFileReference; lastKnownFileType = folder.assetcatalog; path = Images.xcassets; sourceTree = "<group>"; };
		44B26E1417F5624800743B1B /* CS408WarmupAppTests.xctest */ = {isa = PBXFileReference; explicitFileType = wrapper.cfbundle; includeInIndex = 0; path = CS408WarmupAppTests.xctest; sourceTree = BUILT_PRODUCTS_DIR; };
		44B26E1517F5624800743B1B /* XCTest.framework */ = {isa = PBXFileReference; lastKnownFileType = wrapper.framework; name = XCTest.framework; path = Library/Frameworks/XCTest.framework; sourceTree = DEVELOPER_DIR; };
		44B26E1D17F5624800743B1B /* CS408WarmupAppTests-Info.plist */ = {isa = PBXFileReference; lastKnownFileType = text.plist.xml; path = "CS408WarmupAppTests-Info.plist"; sourceTree = "<group>"; };
		44B26E1F17F5624800743B1B /* en */ = {isa = PBXFileReference; lastKnownFileType = text.plist.strings; name = en; path = en.lproj/InfoPlist.strings; sourceTree = "<group>"; };
		44B26E2117F5624800743B1B /* CS408WarmupAppTests.m */ = {isa = PBXFileReference; lastKnownFileType = sourcecode.c.objc; path = CS408WarmupAppTests.m; sourceTree = "<group>"; };
		44D135D017FA83290062799C /* libsqlite3.dylib */ = {isa = PBXFileReference; lastKnownFileType = "compiled.mach-o.dylib"; name = libsqlite3.dylib; path = usr/lib/libsqlite3.dylib; sourceTree = SDKROOT; };
		44D135D217FA84070062799C /* PlaceInfo.h */ = {isa = PBXFileReference; fileEncoding = 4; lastKnownFileType = sourcecode.c.h; path = PlaceInfo.h; sourceTree = "<group>"; };
		44D135D317FA84070062799C /* PlaceInfo.m */ = {isa = PBXFileReference; fileEncoding = 4; lastKnownFileType = sourcecode.c.objc; path = PlaceInfo.m; sourceTree = "<group>"; };
		44D135D517FA858B0062799C /* PlacesDatabase.h */ = {isa = PBXFileReference; fileEncoding = 4; lastKnownFileType = sourcecode.c.h; path = PlacesDatabase.h; sourceTree = "<group>"; };
		44D135D617FA858B0062799C /* PlacesDatabase.m */ = {isa = PBXFileReference; fileEncoding = 4; lastKnownFileType = sourcecode.c.objc; path = PlacesDatabase.m; sourceTree = "<group>"; };
		44D135D817FA92570062799C /* places.sqlite3 */ = {isa = PBXFileReference; lastKnownFileType = file; name = places.sqlite3; path = ../../places.sqlite3; sourceTree = "<group>"; };
/* End PBXFileReference section */

/* Begin PBXFrameworksBuildPhase section */
		44B26DF017F5624800743B1B /* Frameworks */ = {
			isa = PBXFrameworksBuildPhase;
			buildActionMask = 2147483647;
			files = (
				44D135D117FA83290062799C /* libsqlite3.dylib in Frameworks */,
				44B26DF917F5624800743B1B /* CoreGraphics.framework in Frameworks */,
				44B26DFB17F5624800743B1B /* UIKit.framework in Frameworks */,
				44B26DF717F5624800743B1B /* Foundation.framework in Frameworks */,
			);
			runOnlyForDeploymentPostprocessing = 0;
		};
		44B26E1117F5624800743B1B /* Frameworks */ = {
			isa = PBXFrameworksBuildPhase;
			buildActionMask = 2147483647;
			files = (
				44B26E1617F5624800743B1B /* XCTest.framework in Frameworks */,
				44B26E1817F5624800743B1B /* UIKit.framework in Frameworks */,
				44B26E1717F5624800743B1B /* Foundation.framework in Frameworks */,
			);
			runOnlyForDeploymentPostprocessing = 0;
		};
/* End PBXFrameworksBuildPhase section */

/* Begin PBXGroup section */
		44B26DEA17F5624800743B1B = {
			isa = PBXGroup;
			children = (
				44B26DFC17F5624800743B1B /* CS408WarmupApp */,
				44B26E1B17F5624800743B1B /* CS408WarmupAppTests */,
				44B26DF517F5624800743B1B /* Frameworks */,
				44B26DF417F5624800743B1B /* Products */,
			);
			sourceTree = "<group>";
		};
		44B26DF417F5624800743B1B /* Products */ = {
			isa = PBXGroup;
			children = (
				44B26DF317F5624800743B1B /* CS408WarmupApp.app */,
				44B26E1417F5624800743B1B /* CS408WarmupAppTests.xctest */,
			);
			name = Products;
			sourceTree = "<group>";
		};
		44B26DF517F5624800743B1B /* Frameworks */ = {
			isa = PBXGroup;
			children = (
				44D135D017FA83290062799C /* libsqlite3.dylib */,
				44B26DF617F5624800743B1B /* Foundation.framework */,
				44B26DF817F5624800743B1B /* CoreGraphics.framework */,
				44B26DFA17F5624800743B1B /* UIKit.framework */,
				44B26E1517F5624800743B1B /* XCTest.framework */,
			);
			name = Frameworks;
			sourceTree = "<group>";
		};
		44B26DFC17F5624800743B1B /* CS408WarmupApp */ = {
			isa = PBXGroup;
			children = (
				44D135D817FA92570062799C /* places.sqlite3 */,
				44B26E0517F5624800743B1B /* AppDelegate.h */,
				44B26E0617F5624800743B1B /* AppDelegate.m */,
				44B26E0817F5624800743B1B /* Main.storyboard */,
				44B26E0B17F5624800743B1B /* ViewController.h */,
				44B26E0C17F5624800743B1B /* ViewController.m */,
				44B26E0E17F5624800743B1B /* Images.xcassets */,
				44B26DFD17F5624800743B1B /* Supporting Files */,
				44D135D217FA84070062799C /* PlaceInfo.h */,
				44D135D317FA84070062799C /* PlaceInfo.m */,
				44D135D517FA858B0062799C /* PlacesDatabase.h */,
				44D135D617FA858B0062799C /* PlacesDatabase.m */,
			);
			path = CS408WarmupApp;
			sourceTree = "<group>";
		};
		44B26DFD17F5624800743B1B /* Supporting Files */ = {
			isa = PBXGroup;
			children = (
				44B26DFE17F5624800743B1B /* CS408WarmupApp-Info.plist */,
				44B26DFF17F5624800743B1B /* InfoPlist.strings */,
				44B26E0217F5624800743B1B /* main.m */,
				44B26E0417F5624800743B1B /* CS408WarmupApp-Prefix.pch */,
			);
			name = "Supporting Files";
			sourceTree = "<group>";
		};
		44B26E1B17F5624800743B1B /* CS408WarmupAppTests */ = {
			isa = PBXGroup;
			children = (
				44B26E2117F5624800743B1B /* CS408WarmupAppTests.m */,
				44B26E1C17F5624800743B1B /* Supporting Files */,
			);
			path = CS408WarmupAppTests;
			sourceTree = "<group>";
		};
		44B26E1C17F5624800743B1B /* Supporting Files */ = {
			isa = PBXGroup;
			children = (
				44B26E1D17F5624800743B1B /* CS408WarmupAppTests-Info.plist */,
				44B26E1E17F5624800743B1B /* InfoPlist.strings */,
			);
			name = "Supporting Files";
			sourceTree = "<group>";
		};
/* End PBXGroup section */

/* Begin PBXNativeTarget section */
		44B26DF217F5624800743B1B /* CS408WarmupApp */ = {
			isa = PBXNativeTarget;
			buildConfigurationList = 44B26E2517F5624800743B1B /* Build configuration list for PBXNativeTarget "CS408WarmupApp" */;
			buildPhases = (
				44B26DEF17F5624800743B1B /* Sources */,
				44B26DF017F5624800743B1B /* Frameworks */,
				44B26DF117F5624800743B1B /* Resources */,
			);
			buildRules = (
			);
			dependencies = (
			);
			name = CS408WarmupApp;
			productName = CS408WarmupApp;
			productReference = 44B26DF317F5624800743B1B /* CS408WarmupApp.app */;
			productType = "com.apple.product-type.application";
		};
		44B26E1317F5624800743B1B /* CS408WarmupAppTests */ = {
			isa = PBXNativeTarget;
			buildConfigurationList = 44B26E2817F5624800743B1B /* Build configuration list for PBXNativeTarget "CS408WarmupAppTests" */;
			buildPhases = (
				44B26E1017F5624800743B1B /* Sources */,
				44B26E1117F5624800743B1B /* Frameworks */,
				44B26E1217F5624800743B1B /* Resources */,
			);
			buildRules = (
			);
			dependencies = (
				44B26E1A17F5624800743B1B /* PBXTargetDependency */,
			);
			name = CS408WarmupAppTests;
			productName = CS408WarmupAppTests;
			productReference = 44B26E1417F5624800743B1B /* CS408WarmupAppTests.xctest */;
			productType = "com.apple.product-type.bundle.unit-test";
		};
/* End PBXNativeTarget section */

/* Begin PBXProject section */
		44B26DEB17F5624800743B1B /* Project object */ = {
			isa = PBXProject;
			attributes = {
				LastUpgradeCheck = 0500;
				ORGANIZATIONNAME = "Dagbedji Fagnisse";
				TargetAttributes = {
					44B26E1317F5624800743B1B = {
						TestTargetID = 44B26DF217F5624800743B1B;
					};
				};
			};
			buildConfigurationList = 44B26DEE17F5624800743B1B /* Build configuration list for PBXProject "CS408WarmupApp" */;
			compatibilityVersion = "Xcode 3.2";
			developmentRegion = English;
			hasScannedForEncodings = 0;
			knownRegions = (
				en,
				Base,
			);
			mainGroup = 44B26DEA17F5624800743B1B;
			productRefGroup = 44B26DF417F5624800743B1B /* Products */;
			projectDirPath = "";
			projectRoot = "";
			targets = (
				44B26DF217F5624800743B1B /* CS408WarmupApp */,
				44B26E1317F5624800743B1B /* CS408WarmupAppTests */,
			);
		};
/* End PBXProject section */

/* Begin PBXResourcesBuildPhase section */
		44B26DF117F5624800743B1B /* Resources */ = {
			isa = PBXResourcesBuildPhase;
			buildActionMask = 2147483647;
			files = (
				44B26E0F17F5624800743B1B /* Images.xcassets in Resources */,
				44D135D917FA92570062799C /* places.sqlite3 in Resources */,
				44B26E0117F5624800743B1B /* InfoPlist.strings in Resources */,
				44B26E0A17F5624800743B1B /* Main.storyboard in Resources */,
			);
			runOnlyForDeploymentPostprocessing = 0;
		};
		44B26E1217F5624800743B1B /* Resources */ = {
			isa = PBXResourcesBuildPhase;
			buildActionMask = 2147483647;
			files = (
				44B26E2017F5624800743B1B /* InfoPlist.strings in Resources */,
			);
			runOnlyForDeploymentPostprocessing = 0;
		};
/* End PBXResourcesBuildPhase section */

/* Begin PBXSourcesBuildPhase section */
		44B26DEF17F5624800743B1B /* Sources */ = {
			isa = PBXSourcesBuildPhase;
			buildActionMask = 2147483647;
			files = (
				44D135D717FA858B0062799C /* PlacesDatabase.m in Sources */,
				44B26E0D17F5624800743B1B /* ViewController.m in Sources */,
				44B26E0717F5624800743B1B /* AppDelegate.m in Sources */,
				44B26E0317F5624800743B1B /* main.m in Sources */,
				44D135D417FA84070062799C /* PlaceInfo.m in Sources */,
			);
			runOnlyForDeploymentPostprocessing = 0;
		};
		44B26E1017F5624800743B1B /* Sources */ = {
			isa = PBXSourcesBuildPhase;
			buildActionMask = 2147483647;
			files = (
				44B26E2217F5624800743B1B /* CS408WarmupAppTests.m in Sources */,
			);
			runOnlyForDeploymentPostprocessing = 0;
		};
/* End PBXSourcesBuildPhase section */

/* Begin PBXTargetDependency section */
		44B26E1A17F5624800743B1B /* PBXTargetDependency */ = {
			isa = PBXTargetDependency;
			target = 44B26DF217F5624800743B1B /* CS408WarmupApp */;
			targetProxy = 44B26E1917F5624800743B1B /* PBXContainerItemProxy */;
		};
/* End PBXTargetDependency section */

/* Begin PBXVariantGroup section */
		44B26DFF17F5624800743B1B /* InfoPlist.strings */ = {
			isa = PBXVariantGroup;
			children = (
				44B26E0017F5624800743B1B /* en */,
			);
			name = InfoPlist.strings;
			sourceTree = "<group>";
		};
		44B26E0817F5624800743B1B /* Main.storyboard */ = {
			isa = PBXVariantGroup;
			children = (
				44B26E0917F5624800743B1B /* Base */,
			);
			name = Main.storyboard;
			sourceTree = "<group>";
		};
		44B26E1E17F5624800743B1B /* InfoPlist.strings */ = {
			isa = PBXVariantGroup;
			children = (
				44B26E1F17F5624800743B1B /* en */,
			);
			name = InfoPlist.strings;
			sourceTree = "<group>";
		};
/* End PBXVariantGroup section */

/* Begin XCBuildConfiguration section */
		44B26E2317F5624800743B1B /* Debug */ = {
			isa = XCBuildConfiguration;
			buildSettings = {
				ALWAYS_SEARCH_USER_PATHS = NO;
				ARCHS = "$(ARCHS_STANDARD_INCLUDING_64_BIT)";
				CLANG_CXX_LANGUAGE_STANDARD = "gnu++0x";
				CLANG_CXX_LIBRARY = "libc++";
				CLANG_ENABLE_MODULES = YES;
				CLANG_ENABLE_OBJC_ARC = YES;
				CLANG_WARN_BOOL_CONVERSION = YES;
				CLANG_WARN_CONSTANT_CONVERSION = YES;
				CLANG_WARN_DIRECT_OBJC_ISA_USAGE = YES_ERROR;
				CLANG_WARN_EMPTY_BODY = YES;
				CLANG_WARN_ENUM_CONVERSION = YES;
				CLANG_WARN_INT_CONVERSION = YES;
				CLANG_WARN_OBJC_ROOT_CLASS = YES_ERROR;
				CLANG_WARN__DUPLICATE_METHOD_MATCH = YES;
				"CODE_SIGN_IDENTITY[sdk=iphoneos*]" = "iPhone Developer";
				COPY_PHASE_STRIP = NO;
				GCC_C_LANGUAGE_STANDARD = gnu99;
				GCC_DYNAMIC_NO_PIC = NO;
				GCC_OPTIMIZATION_LEVEL = 0;
				GCC_PREPROCESSOR_DEFINITIONS = (
					"DEBUG=1",
					"$(inherited)",
				);
				GCC_SYMBOLS_PRIVATE_EXTERN = NO;
				GCC_WARN_64_TO_32_BIT_CONVERSION = YES;
				GCC_WARN_ABOUT_RETURN_TYPE = YES_ERROR;
				GCC_WARN_UNDECLARED_SELECTOR = YES;
				GCC_WARN_UNINITIALIZED_AUTOS = YES;
				GCC_WARN_UNUSED_FUNCTION = YES;
				GCC_WARN_UNUSED_VARIABLE = YES;
				IPHONEOS_DEPLOYMENT_TARGET = 7.0;
				ONLY_ACTIVE_ARCH = YES;
				SDKROOT = iphoneos;
			};
			name = Debug;
		};
		44B26E2417F5624800743B1B /* Release */ = {
			isa = XCBuildConfiguration;
			buildSettings = {
				ALWAYS_SEARCH_USER_PATHS = NO;
				ARCHS = "$(ARCHS_STANDARD_INCLUDING_64_BIT)";
				CLANG_CXX_LANGUAGE_STANDARD = "gnu++0x";
				CLANG_CXX_LIBRARY = "libc++";
				CLANG_ENABLE_MODULES = YES;
				CLANG_ENABLE_OBJC_ARC = YES;
				CLANG_WARN_BOOL_CONVERSION = YES;
				CLANG_WARN_CONSTANT_CONVERSION = YES;
				CLANG_WARN_DIRECT_OBJC_ISA_USAGE = YES_ERROR;
				CLANG_WARN_EMPTY_BODY = YES;
				CLANG_WARN_ENUM_CONVERSION = YES;
				CLANG_WARN_INT_CONVERSION = YES;
				CLANG_WARN_OBJC_ROOT_CLASS = YES_ERROR;
				CLANG_WARN__DUPLICATE_METHOD_MATCH = YES;
				"CODE_SIGN_IDENTITY[sdk=iphoneos*]" = "iPhone Developer";
				COPY_PHASE_STRIP = YES;
				ENABLE_NS_ASSERTIONS = NO;
				GCC_C_LANGUAGE_STANDARD = gnu99;
				GCC_WARN_64_TO_32_BIT_CONVERSION = YES;
				GCC_WARN_ABOUT_RETURN_TYPE = YES_ERROR;
				GCC_WARN_UNDECLARED_SELECTOR = YES;
				GCC_WARN_UNINITIALIZED_AUTOS = YES;
				GCC_WARN_UNUSED_FUNCTION = YES;
				GCC_WARN_UNUSED_VARIABLE = YES;
				IPHONEOS_DEPLOYMENT_TARGET = 7.0;
				SDKROOT = iphoneos;
				VALIDATE_PRODUCT = YES;
			};
			name = Release;
		};
		44B26E2617F5624800743B1B /* Debug */ = {
			isa = XCBuildConfiguration;
			buildSettings = {
				ASSETCATALOG_COMPILER_APPICON_NAME = AppIcon;
				ASSETCATALOG_COMPILER_LAUNCHIMAGE_NAME = LaunchImage;
				GCC_PRECOMPILE_PREFIX_HEADER = YES;
				GCC_PREFIX_HEADER = "CS408WarmupApp/CS408WarmupApp-Prefix.pch";
				INFOPLIST_FILE = "CS408WarmupApp/CS408WarmupApp-Info.plist";
				PRODUCT_NAME = "$(TARGET_NAME)";
				WRAPPER_EXTENSION = app;
			};
			name = Debug;
		};
		44B26E2717F5624800743B1B /* Release */ = {
			isa = XCBuildConfiguration;
			buildSettings = {
				ASSETCATALOG_COMPILER_APPICON_NAME = AppIcon;
				ASSETCATALOG_COMPILER_LAUNCHIMAGE_NAME = LaunchImage;
				GCC_PRECOMPILE_PREFIX_HEADER = YES;
				GCC_PREFIX_HEADER = "CS408WarmupApp/CS408WarmupApp-Prefix.pch";
				INFOPLIST_FILE = "CS408WarmupApp/CS408WarmupApp-Info.plist";
				PRODUCT_NAME = "$(TARGET_NAME)";
				WRAPPER_EXTENSION = app;
			};
			name = Release;
		};
		44B26E2917F5624800743B1B /* Debug */ = {
			isa = XCBuildConfiguration;
			buildSettings = {
				ARCHS = "$(ARCHS_STANDARD_INCLUDING_64_BIT)";
				BUNDLE_LOADER = "$(BUILT_PRODUCTS_DIR)/CS408WarmupApp.app/CS408WarmupApp";
				FRAMEWORK_SEARCH_PATHS = (
					"$(SDKROOT)/Developer/Library/Frameworks",
					"$(inherited)",
					"$(DEVELOPER_FRAMEWORKS_DIR)",
				);
				GCC_PRECOMPILE_PREFIX_HEADER = YES;
				GCC_PREFIX_HEADER = "CS408WarmupApp/CS408WarmupApp-Prefix.pch";
				GCC_PREPROCESSOR_DEFINITIONS = (
					"DEBUG=1",
					"$(inherited)",
				);
				INFOPLIST_FILE = "CS408WarmupAppTests/CS408WarmupAppTests-Info.plist";
				PRODUCT_NAME = "$(TARGET_NAME)";
				TEST_HOST = "$(BUNDLE_LOADER)";
				WRAPPER_EXTENSION = xctest;
			};
			name = Debug;
		};
		44B26E2A17F5624800743B1B /* Release */ = {
			isa = XCBuildConfiguration;
			buildSettings = {
				ARCHS = "$(ARCHS_STANDARD_INCLUDING_64_BIT)";
				BUNDLE_LOADER = "$(BUILT_PRODUCTS_DIR)/CS408WarmupApp.app/CS408WarmupApp";
				FRAMEWORK_SEARCH_PATHS = (
					"$(SDKROOT)/Developer/Library/Frameworks",
					"$(inherited)",
					"$(DEVELOPER_FRAMEWORKS_DIR)",
				);
				GCC_PRECOMPILE_PREFIX_HEADER = YES;
				GCC_PREFIX_HEADER = "CS408WarmupApp/CS408WarmupApp-Prefix.pch";
				INFOPLIST_FILE = "CS408WarmupAppTests/CS408WarmupAppTests-Info.plist";
				PRODUCT_NAME = "$(TARGET_NAME)";
				TEST_HOST = "$(BUNDLE_LOADER)";
				WRAPPER_EXTENSION = xctest;
			};
			name = Release;
		};
/* End XCBuildConfiguration section */

/* Begin XCConfigurationList section */
		44B26DEE17F5624800743B1B /* Build configuration list for PBXProject "CS408WarmupApp" */ = {
			isa = XCConfigurationList;
			buildConfigurations = (
				44B26E2317F5624800743B1B /* Debug */,
				44B26E2417F5624800743B1B /* Release */,
			);
			defaultConfigurationIsVisible = 0;
			defaultConfigurationName = Release;
		};
		44B26E2517F5624800743B1B /* Build configuration list for PBXNativeTarget "CS408WarmupApp" */ = {
			isa = XCConfigurationList;
			buildConfigurations = (
				44B26E2617F5624800743B1B /* Debug */,
				44B26E2717F5624800743B1B /* Release */,
			);
			defaultConfigurationIsVisible = 0;
			defaultConfigurationName = Release;
		};
		44B26E2817F5624800743B1B /* Build configuration list for PBXNativeTarget "CS408WarmupAppTests" */ = {
			isa = XCConfigurationList;
			buildConfigurations = (
				44B26E2917F5624800743B1B /* Debug */,
				44B26E2A17F5624800743B1B /* Release */,
			);
			defaultConfigurationIsVisible = 0;
			defaultConfigurationName = Release;
		};
/* End XCConfigurationList section */
	};
	rootObject = 44B26DEB17F5624800743B1B /* Project object */;
}
